
Microsoft Visual Studio Solution File, Format Version 12.00
# Visual Studio 15
Project("{FAE04EC0-301F-11D3-BF4B-00C04F79EFBC}") = "Assembly-CSharp", "Assembly-CSharp.csproj", "{74E08048-0621-E786-A3FA-F2BBBE873BBD}"
EndProject
Project("{FAE04EC0-301F-11D3-BF4B-00C04F79EFBC}") = "Assembly-CSharp-Editor", "Assembly-CSharp-Editor.csproj", "{5799AF4C-B328-C285-9C4A-4527FFC03144}"
EndProject
Global
	GlobalSection(SolutionConfigurationPlatforms) = preSolution
		Debug|Any CPU = Debug|Any CPU
		Release|Any CPU = Release|Any CPU
	EndGlobalSection
	GlobalSection(ProjectConfigurationPlatforms) = postSolution
		{74E08048-0621-E786-A3FA-F2BBBE873BBD}.Debug|Any CPU.ActiveCfg = Debug|Any CPU
		{74E08048-0621-E786-A3FA-F2BBBE873BBD}.Debug|Any CPU.Build.0 = Debug|Any CPU
		{74E08048-0621-E786-A3FA-F2BBBE873BBD}.Release|Any CPU.ActiveCfg = Release|Any CPU
		{74E08048-0621-E786-A3FA-F2BBBE873BBD}.Release|Any CPU.Build.0 = Release|Any CPU
		{5799AF4C-B328-C285-9C4A-4527FFC03144}.Debug|Any CPU.ActiveCfg = Debug|Any CPU
		{5799AF4C-B328-C285-9C4A-4527FFC03144}.Debug|Any CPU.Build.0 = Debug|Any CPU
		{5799AF4C-B328-C285-9C4A-4527FFC03144}.Release|Any CPU.ActiveCfg = Release|Any CPU
		{5799AF4C-B328-C285-9C4A-4527FFC03144}.Release|Any CPU.Build.0 = Release|Any CPU
	EndGlobalSection
	GlobalSection(SolutionProperties) = preSolution
		HideSolutionNode = FALSE
	EndGlobalSection
EndGlobal
