
Microsoft Visual Studio Solution File, Format Version 12.00
# Visual Studio 15
Project("{FAE04EC0-301F-11D3-BF4B-00C04F79EFBC}") = "Assembly-CSharp", "Assembly-CSharp.csproj", "{B64244C7-5078-7306-10A9-F5D29C07B29C}"
EndProject
Project("{FAE04EC0-301F-11D3-BF4B-00C04F79EFBC}") = "Assembly-CSharp-Editor", "Assembly-CSharp-Editor.csproj", "{8DBFC4C2-2551-C76E-0DB2-E6733E05E297}"
EndProject
Global
	GlobalSection(SolutionConfigurationPlatforms) = preSolution
		Debug|Any CPU = Debug|Any CPU
		Release|Any CPU = Release|Any CPU
	EndGlobalSection
	GlobalSection(ProjectConfigurationPlatforms) = postSolution
		{B64244C7-5078-7306-10A9-F5D29C07B29C}.Debug|Any CPU.ActiveCfg = Debug|Any CPU
		{B64244C7-5078-7306-10A9-F5D29C07B29C}.Debug|Any CPU.Build.0 = Debug|Any CPU
		{B64244C7-5078-7306-10A9-F5D29C07B29C}.Release|Any CPU.ActiveCfg = Release|Any CPU
		{B64244C7-5078-7306-10A9-F5D29C07B29C}.Release|Any CPU.Build.0 = Release|Any CPU
		{8DBFC4C2-2551-C76E-0DB2-E6733E05E297}.Debug|Any CPU.ActiveCfg = Debug|Any CPU
		{8DBFC4C2-2551-C76E-0DB2-E6733E05E297}.Debug|Any CPU.Build.0 = Debug|Any CPU
		{8DBFC4C2-2551-C76E-0DB2-E6733E05E297}.Release|Any CPU.ActiveCfg = Release|Any CPU
		{8DBFC4C2-2551-C76E-0DB2-E6733E05E297}.Release|Any CPU.Build.0 = Release|Any CPU
	EndGlobalSection
	GlobalSection(SolutionProperties) = preSolution
		HideSolutionNode = FALSE
	EndGlobalSection
EndGlobal
